<?xml version="1.0" encoding="UTF-8" standalone="yes" ?>
<CodeBlocks_project_file>
	<FileVersion major="1" minor="6" />
	<Project>
		<Option title="Student_Manage_System" />
		<Option pch_mode="2" />
		<Option compiler="gcc" />
		<Build>
			<Target title="Debug">
				<Option output="bin/Debug/Student_Manage_System" prefix_auto="1" extension_auto="1" />
				<Option object_output="obj/Debug/" />
				<Option type="1" />
				<Option compiler="gcc" />
				<Compiler>
					<Add option="-g" />
				</Compiler>
			</Target>
			<Target title="Release">
				<Option output="bin/Release/Student_Manage_System" prefix_auto="1" extension_auto="1" />
				<Option object_output="obj/Release/" />
				<Option type="1" />
				<Option compiler="gcc" />
				<Compiler>
					<Add option="-O2" />
				</Compiler>
				<Linker>
					<Add option="-s" />
				</Linker>
			</Target>
		</Build>
		<Compiler>
			<Add option="-Wall" />
		</Compiler>
		<Unit filename="include/SMS.h" />
		<Unit filename="include/internal/BasicFunc.h" />
		<Unit filename="include/internal/Common.h" />
		<Unit filename="include/internal/CounsellorInfoManage.h" />
		<Unit filename="include/internal/FileSystem.h" />
		<Unit filename="include/internal/StudentInfoManage.h" />
		<Unit filename="include/internal/StudentMarkManage.h" />
		<Unit filename="include/internal/StudentSubjectManage.h" />
		<Unit filename="include/internal/UserManage.h" />
		<Unit filename="src/BasicFunc.c">
			<Option compilerVar="CC" />
		</Unit>
		<Unit filename="src/CounsellorInfoManage.c">
			<Option compilerVar="CC" />
		</Unit>
		<Unit filename="src/FileSystem.c">
			<Option compilerVar="CC" />
		</Unit>
		<Unit filename="src/SMS.c">
			<Option compilerVar="CC" />
		</Unit>
		<Unit filename="src/StudentInfoManage.c">
			<Option compilerVar="CC" />
		</Unit>
		<Unit filename="src/StudentMarkManage.c">
			<Option compilerVar="CC" />
		</Unit>
		<Unit filename="src/StudentSubjectManage.c">
			<Option compilerVar="CC" />
		</Unit>
		<Unit filename="src/UserManage.c">
			<Option compilerVar="CC" />
		</Unit>
		<Unit filename="src/main.c">
			<Option compilerVar="CC" />
		</Unit>
		<Unit filename="test/include/UnitTest.h" />
		<Unit filename="test/src/CounsellorInfoManage_Test.c">
			<Option compilerVar="CC" />
		</Unit>
		<Unit filename="test/src/FileSystem_Test.c">
			<Option compilerVar="CC" />
		</Unit>
		<Unit filename="test/src/SMS_Test.c">
			<Option compilerVar="CC" />
		</Unit>
		<Unit filename="test/src/StudentInfoManage_Test.c">
			<Option compilerVar="CC" />
		</Unit>
		<Unit filename="test/src/StudentMarkManage_Test.c">
			<Option compilerVar="CC" />
		</Unit>
		<Unit filename="test/src/StudentSubjectManage_Test.c">
			<Option compilerVar="CC" />
		</Unit>
		<Unit filename="test/src/UnitTest.c">
			<Option compilerVar="CC" />
		</Unit>
		<Unit filename="test/src/UserManage_Test.c">
			<Option compilerVar="CC" />
		</Unit>
		<Extensions>
			<code_completion />
			<envvars />
			<debugger />
			<lib_finder disable_auto="1" />
		</Extensions>
	</Project>
</CodeBlocks_project_file>
